{
  "requires": true,
  "lockfileVersion": 1,
  "dependencies": {
    "shippo": {
      "version": "1.7.1",
      "resolved": "https://registry.npmjs.org/shippo/-/shippo-1.7.1.tgz",
      "integrity": "sha512-kALIuHGjGhSAq2Yvz9sLewxgJkC82/bsUqjAXOT9jfW0T1LPxRouwFkBUBsgYe68qlbyrMjfpIbtg5Mx7t4SMw=="
    }
  }
}
